
Microsoft Visual Studio Solution File, Format Version 12.00
# Visual Studio Version 17
VisualStudioVersion = 17.10.35027.167
MinimumVisualStudioVersion = 10.0.40219.1
Project("{FAE04EC0-301F-11D3-BF4B-00C04F79EFBC}") = "SnakeProject", "SnakeProject\SnakeProject.csproj", "{056863F9-0E6B-4CC9-9431-5BC0FE14F10E}"
EndProject
Global
	GlobalSection(SolutionConfigurationPlatforms) = preSolution
		Debug|Any CPU = Debug|Any CPU
		Release|Any CPU = Release|Any CPU
	EndGlobalSection
	GlobalSection(ProjectConfigurationPlatforms) = postSolution
		{056863F9-0E6B-4CC9-9431-5BC0FE14F10E}.Debug|Any CPU.ActiveCfg = Debug|Any CPU
		{056863F9-0E6B-4CC9-9431-5BC0FE14F10E}.Debug|Any CPU.Build.0 = Debug|Any CPU
		{056863F9-0E6B-4CC9-9431-5BC0FE14F10E}.Release|Any CPU.ActiveCfg = Release|Any CPU
		{056863F9-0E6B-4CC9-9431-5BC0FE14F10E}.Release|Any CPU.Build.0 = Release|Any CPU
	EndGlobalSection
	GlobalSection(SolutionProperties) = preSolution
		HideSolutionNode = FALSE
	EndGlobalSection
	GlobalSection(ExtensibilityGlobals) = postSolution
		SolutionGuid = {D0075C20-D4F5-46CC-AA87-30EA8585618C}
	EndGlobalSection
EndGlobal
